# THIS IS AN AUTOGENERATED FILE. DO NOT EDIT THIS FILE DIRECTLY.
# yarn lockfile v1


iconv-lite@0.2.11:
  version "0.2.11"
  resolved "https://registry.yarnpkg.com/iconv-lite/-/iconv-lite-0.2.11.tgz#1ce60a3a57864a292d1321ff4609ca4bb965adc8"
  integrity sha1-HOYKOleGSiktEyH/RgnKS7llrcg=

qs@1.2.0:
  version "1.2.0"
  resolved "https://registry.yarnpkg.com/qs/-/qs-1.2.0.tgz#ed079be28682147e6fd9a34cc2b0c1e0ec6453ee"
  integrity sha1-7Qeb4oaCFH5v2aNMwrDB4OxkU+4=

restler@^3.4.0:
  version "3.4.0"
  resolved "https://registry.yarnpkg.com/restler/-/restler-3.4.0.tgz#741ec0b3d16b949feea2813d0c3c68529e888d9b"
  integrity sha1-dB7As9FrlJ/uooE9DDxoUp6IjZs=
  dependencies:
    iconv-lite "0.2.11"
    qs "1.2.0"
    xml2js "0.4.0"
    yaml "0.2.3"

sax@0.5.x:
  version "0.5.8"
  resolved "https://registry.yarnpkg.com/sax/-/sax-0.5.8.tgz#d472db228eb331c2506b0e8c15524adb939d12c1"
  integrity sha1-1HLbIo6zMcJQaw6MFVJK25OdEsE=

xml2js@0.4.0:
  version "0.4.0"
  resolved "https://registry.yarnpkg.com/xml2js/-/xml2js-0.4.0.tgz#124fc4114b4129c810800ecb2ac86cf25462cb9a"
  integrity sha1-Ek/EEUtBKcgQgA7LKshs8lRiy5o=
  dependencies:
    sax "0.5.x"
    xmlbuilder ">=0.4.2"

xmlbuilder@>=0.4.2:
  version "15.1.0"
  resolved "https://registry.yarnpkg.com/xmlbuilder/-/xmlbuilder-15.1.0.tgz#4c4c9109180937baeb839978b590250be09a4aef"
  integrity sha512-xae5hmPQnmSFhpiuV3NGXq+FWGOvWy/rIzxVLnRtSSABbPZWltTQCe6WlHDpCq5pGvnGwNsWnS1FdkW7Tx9FNQ==

yaml@0.2.3:
  version "0.2.3"
  resolved "https://registry.yarnpkg.com/yaml/-/yaml-0.2.3.tgz#b5450e92e76ef36b5dd24e3660091ebaeef3e5c7"
  integrity sha1-tUUOkudu82td0k42YAkeuu7z5cc=
